
Microsoft Visual Studio Solution File, Format Version 12.00
# Visual Studio Version 17
VisualStudioVersion = 17.3.32929.385
MinimumVisualStudioVersion = 10.0.40219.1
Project("{9A19103F-16F7-4668-BE54-9A1E7A4F7556}") = "SeguroAPI", "SeguroAPI.csproj", "{AE668351-0B12-43C8-9646-7FEA516DD7C2}"
EndProject
Project("{2150E333-8FDC-42A3-9474-1A3956D46DE8}") = "Test", "Test", "{E3EA402B-4FC4-4C8F-8C4D-BC92D99237D2}"
EndProject
Project("{FAE04EC0-301F-11D3-BF4B-00C04F79EFBC}") = "SeguroAPI.Unit.Test", "..\UnitTest\SeguroAPI.Unit.Test\SeguroAPI.Unit.Test.csproj", "{77D05955-B6E0-4200-872C-6D0CBAD03849}"
EndProject
Global
	GlobalSection(SolutionConfigurationPlatforms) = preSolution
		Debug|Any CPU = Debug|Any CPU
		Release|Any CPU = Release|Any CPU
	EndGlobalSection
	GlobalSection(ProjectConfigurationPlatforms) = postSolution
		{AE668351-0B12-43C8-9646-7FEA516DD7C2}.Debug|Any CPU.ActiveCfg = Debug|Any CPU
		{AE668351-0B12-43C8-9646-7FEA516DD7C2}.Debug|Any CPU.Build.0 = Debug|Any CPU
		{AE668351-0B12-43C8-9646-7FEA516DD7C2}.Release|Any CPU.ActiveCfg = Release|Any CPU
		{AE668351-0B12-43C8-9646-7FEA516DD7C2}.Release|Any CPU.Build.0 = Release|Any CPU
		{77D05955-B6E0-4200-872C-6D0CBAD03849}.Debug|Any CPU.ActiveCfg = Debug|Any CPU
		{77D05955-B6E0-4200-872C-6D0CBAD03849}.Debug|Any CPU.Build.0 = Debug|Any CPU
		{77D05955-B6E0-4200-872C-6D0CBAD03849}.Release|Any CPU.ActiveCfg = Release|Any CPU
		{77D05955-B6E0-4200-872C-6D0CBAD03849}.Release|Any CPU.Build.0 = Release|Any CPU
	EndGlobalSection
	GlobalSection(SolutionProperties) = preSolution
		HideSolutionNode = FALSE
	EndGlobalSection
	GlobalSection(NestedProjects) = preSolution
		{77D05955-B6E0-4200-872C-6D0CBAD03849} = {E3EA402B-4FC4-4C8F-8C4D-BC92D99237D2}
	EndGlobalSection
	GlobalSection(ExtensibilityGlobals) = postSolution
		SolutionGuid = {566CD145-D9E1-47C2-941E-B3334C6B9678}
	EndGlobalSection
EndGlobal
